// !$*UTF8*$!
{
	archiveVersion = 1;
	classes = {
	};
	objectVersion = 46;
	objects = {

/* Begin PBXBuildFile section */
		760417731E977C39002EC664 /* AppDelegate.swift in Sources */ = {isa = PBXBuildFile; fileRef = 760417721E977C39002EC664 /* AppDelegate.swift */; };
		760417751E977C39002EC664 /* LoginController.swift in Sources */ = {isa = PBXBuildFile; fileRef = 760417741E977C39002EC664 /* LoginController.swift */; };
		760417781E977C39002EC664 /* Main.storyboard in Resources */ = {isa = PBXBuildFile; fileRef = 760417761E977C39002EC664 /* Main.storyboard */; };
		7604177A1E977C39002EC664 /* Assets.xcassets in Resources */ = {isa = PBXBuildFile; fileRef = 760417791E977C39002EC664 /* Assets.xcassets */; };
		7604177D1E977C39002EC664 /* LaunchScreen.storyboard in Resources */ = {isa = PBXBuildFile; fileRef = 7604177B1E977C39002EC664 /* LaunchScreen.storyboard */; };
		760417851E977D24002EC664 /* GoogleService-Info.plist in Resources */ = {isa = PBXBuildFile; fileRef = 760417841E977D24002EC664 /* GoogleService-Info.plist */; };
		7629CE1A1EA3B9C4002388A3 /* HomeController.swift in Sources */ = {isa = PBXBuildFile; fileRef = 7629CE191EA3B9C4002388A3 /* HomeController.swift */; };
		76544E5F1EEECE90001692A9 /* FriendsControllerHelper.swift in Sources */ = {isa = PBXBuildFile; fileRef = 76544E5E1EEECE90001692A9 /* FriendsControllerHelper.swift */; };
		76544E621EEECFB9001692A9 /* FriendsEntity.swift in Sources */ = {isa = PBXBuildFile; fileRef = 76544E611EEECFB9001692A9 /* FriendsEntity.swift */; };
		76544E651EEED0D4001692A9 /* FriendView.swift in Sources */ = {isa = PBXBuildFile; fileRef = 76544E641EEED0D4001692A9 /* FriendView.swift */; };
		76F4CEAA1EE51597004F5856 /* FriendsController.swift in Sources */ = {isa = PBXBuildFile; fileRef = 76F4CEA91EE51597004F5856 /* FriendsController.swift */; };
		76FE8D181E9E1BE5004F3BD7 /* PlayGround.swift in Sources */ = {isa = PBXBuildFile; fileRef = 76FE8D171E9E1BE5004F3BD7 /* PlayGround.swift */; };
		88927F45BBCD72915465A92F /* Pods_Persona.framework in Frameworks */ = {isa = PBXBuildFile; fileRef = 34324E492B9DA66D5B8DAC11 /* Pods_Persona.framework */; };
/* End PBXBuildFile section */

/* Begin PBXFileReference section */
		34324E492B9DA66D5B8DAC11 /* Pods_Persona.framework */ = {isa = PBXFileReference; explicitFileType = wrapper.framework; includeInIndex = 0; path = Pods_Persona.framework; sourceTree = BUILT_PRODUCTS_DIR; };
		61FC3F7D3ABBCE3FC1E1D6CD /* Pods-Persona.release.xcconfig */ = {isa = PBXFileReference; includeInIndex = 1; lastKnownFileType = text.xcconfig; name = "Pods-Persona.release.xcconfig"; path = "Pods/Target Support Files/Pods-Persona/Pods-Persona.release.xcconfig"; sourceTree = "<group>"; };
		7604176F1E977C39002EC664 /* Persona.app */ = {isa = PBXFileReference; explicitFileType = wrapper.application; includeInIndex = 0; path = Persona.app; sourceTree = BUILT_PRODUCTS_DIR; };
		760417721E977C39002EC664 /* AppDelegate.swift */ = {isa = PBXFileReference; lastKnownFileType = sourcecode.swift; path = AppDelegate.swift; sourceTree = "<group>"; };
		760417741E977C39002EC664 /* LoginController.swift */ = {isa = PBXFileReference; lastKnownFileType = sourcecode.swift; path = LoginController.swift; sourceTree = "<group>"; };
		760417771E977C39002EC664 /* Base */ = {isa = PBXFileReference; lastKnownFileType = file.storyboard; name = Base; path = Base.lproj/Main.storyboard; sourceTree = "<group>"; };
		760417791E977C39002EC664 /* Assets.xcassets */ = {isa = PBXFileReference; lastKnownFileType = folder.assetcatalog; path = Assets.xcassets; sourceTree = "<group>"; };
		7604177C1E977C39002EC664 /* Base */ = {isa = PBXFileReference; lastKnownFileType = file.storyboard; name = Base; path = Base.lproj/LaunchScreen.storyboard; sourceTree = "<group>"; };
		7604177E1E977C39002EC664 /* Info.plist */ = {isa = PBXFileReference; lastKnownFileType = text.plist.xml; path = Info.plist; sourceTree = "<group>"; };
		760417841E977D24002EC664 /* GoogleService-Info.plist */ = {isa = PBXFileReference; fileEncoding = 4; lastKnownFileType = text.plist.xml; name = "GoogleService-Info.plist"; path = "../../../../Downloads/GoogleService-Info.plist"; sourceTree = "<group>"; };
		7629CE191EA3B9C4002388A3 /* HomeController.swift */ = {isa = PBXFileReference; fileEncoding = 4; lastKnownFileType = sourcecode.swift; path = HomeController.swift; sourceTree = "<group>"; };
		76544E5E1EEECE90001692A9 /* FriendsControllerHelper.swift */ = {isa = PBXFileReference; fileEncoding = 4; lastKnownFileType = sourcecode.swift; path = FriendsControllerHelper.swift; sourceTree = "<group>"; };
		76544E611EEECFB9001692A9 /* FriendsEntity.swift */ = {isa = PBXFileReference; fileEncoding = 4; lastKnownFileType = sourcecode.swift; path = FriendsEntity.swift; sourceTree = "<group>"; };
		76544E641EEED0D4001692A9 /* FriendView.swift */ = {isa = PBXFileReference; fileEncoding = 4; lastKnownFileType = sourcecode.swift; path = FriendView.swift; sourceTree = "<group>"; };
		76F4CEA91EE51597004F5856 /* FriendsController.swift */ = {isa = PBXFileReference; fileEncoding = 4; lastKnownFileType = sourcecode.swift; path = FriendsController.swift; sourceTree = "<group>"; };
		76FE8D171E9E1BE5004F3BD7 /* PlayGround.swift */ = {isa = PBXFileReference; fileEncoding = 4; lastKnownFileType = sourcecode.swift; path = PlayGround.swift; sourceTree = "<group>"; };
		F0182132AE205F96B86CDAE3 /* Pods-Persona.debug.xcconfig */ = {isa = PBXFileReference; includeInIndex = 1; lastKnownFileType = text.xcconfig; name = "Pods-Persona.debug.xcconfig"; path = "Pods/Target Support Files/Pods-Persona/Pods-Persona.debug.xcconfig"; sourceTree = "<group>"; };
/* End PBXFileReference section */

/* Begin PBXFrameworksBuildPhase section */
		7604176C1E977C39002EC664 /* Frameworks */ = {
			isa = PBXFrameworksBuildPhase;
			buildActionMask = 2147483647;
			files = (
				88927F45BBCD72915465A92F /* Pods_Persona.framework in Frameworks */,
			);
			runOnlyForDeploymentPostprocessing = 0;
		};
/* End PBXFrameworksBuildPhase section */

/* Begin PBXGroup section */
		000ED748A12DD211ABD7AC15 /* Frameworks */ = {
			isa = PBXGroup;
			children = (
				34324E492B9DA66D5B8DAC11 /* Pods_Persona.framework */,
			);
			name = Frameworks;
			sourceTree = "<group>";
		};
		760417661E977C39002EC664 = {
			isa = PBXGroup;
			children = (
				760417711E977C39002EC664 /* Persona */,
				760417701E977C39002EC664 /* Products */,
				F68CB44CF9168765E5FBAB98 /* Pods */,
				000ED748A12DD211ABD7AC15 /* Frameworks */,
			);
			sourceTree = "<group>";
		};
		760417701E977C39002EC664 /* Products */ = {
			isa = PBXGroup;
			children = (
				7604176F1E977C39002EC664 /* Persona.app */,
			);
			name = Products;
			sourceTree = "<group>";
		};
		760417711E977C39002EC664 /* Persona */ = {
			isa = PBXGroup;
			children = (
				7629CE161EA3B72F002388A3 /* Container */,
				760417841E977D24002EC664 /* GoogleService-Info.plist */,
				760417721E977C39002EC664 /* AppDelegate.swift */,
				760417761E977C39002EC664 /* Main.storyboard */,
				760417791E977C39002EC664 /* Assets.xcassets */,
				7604177B1E977C39002EC664 /* LaunchScreen.storyboard */,
				7604177E1E977C39002EC664 /* Info.plist */,
				76FE8D171E9E1BE5004F3BD7 /* PlayGround.swift */,
			);
			path = Persona;
			sourceTree = "<group>";
		};
		7629CE161EA3B72F002388A3 /* Container */ = {
			isa = PBXGroup;
			children = (
				765871461EE51555003818A5 /* Friends */,
				7629CE171EA3B761002388A3 /* Login */,
			);
			name = Container;
			sourceTree = "<group>";
		};
		7629CE171EA3B761002388A3 /* Login */ = {
			isa = PBXGroup;
			children = (
				7629CE181EA3B999002388A3 /* View */,
			);
			name = Login;
			sourceTree = "<group>";
		};
		7629CE181EA3B999002388A3 /* View */ = {
			isa = PBXGroup;
			children = (
				760417741E977C39002EC664 /* LoginController.swift */,
				7629CE191EA3B9C4002388A3 /* HomeController.swift */,
			);
			name = View;
			sourceTree = "<group>";
		};
		76544E5D1EEECE7D001692A9 /* interactor */ = {
			isa = PBXGroup;
			children = (
				76544E5E1EEECE90001692A9 /* FriendsControllerHelper.swift */,
			);
			name = interactor;
			sourceTree = "<group>";
		};
		76544E601EEECF9B001692A9 /* entity */ = {
			isa = PBXGroup;
			children = (
				76544E611EEECFB9001692A9 /* FriendsEntity.swift */,
			);
			name = entity;
			sourceTree = "<group>";
		};
		76544E631EEED0BE001692A9 /* view */ = {
			isa = PBXGroup;
			children = (
				76544E641EEED0D4001692A9 /* FriendView.swift */,
			);
			name = view;
			sourceTree = "<group>";
		};
		765871461EE51555003818A5 /* Friends */ = {
			isa = PBXGroup;
			children = (
				76544E631EEED0BE001692A9 /* view */,
				76544E601EEECF9B001692A9 /* entity */,
				76544E5D1EEECE7D001692A9 /* interactor */,
				76F4CEA81EE5156F004F5856 /* presenter */,
			);
			name = Friends;
			sourceTree = "<group>";
		};
		76F4CEA81EE5156F004F5856 /* presenter */ = {
			isa = PBXGroup;
			children = (
				76F4CEA91EE51597004F5856 /* FriendsController.swift */,
			);
			name = presenter;
			sourceTree = "<group>";
		};
		F68CB44CF9168765E5FBAB98 /* Pods */ = {
			isa = PBXGroup;
			children = (
				F0182132AE205F96B86CDAE3 /* Pods-Persona.debug.xcconfig */,
				61FC3F7D3ABBCE3FC1E1D6CD /* Pods-Persona.release.xcconfig */,
			);
			name = Pods;
			sourceTree = "<group>";
		};
/* End PBXGroup section */

/* Begin PBXNativeTarget section */
		7604176E1E977C39002EC664 /* Persona */ = {
			isa = PBXNativeTarget;
			buildConfigurationList = 760417811E977C39002EC664 /* Build configuration list for PBXNativeTarget "Persona" */;
			buildPhases = (
				66A6EE35848FB96827740945 /* [CP] Check Pods Manifest.lock */,
				7604176B1E977C39002EC664 /* Sources */,
				7604176C1E977C39002EC664 /* Frameworks */,
				7604176D1E977C39002EC664 /* Resources */,
				E5C830A6CE8FBAF024136A85 /* [CP] Embed Pods Frameworks */,
				AE7B393A6E41B5A1C816D241 /* [CP] Copy Pods Resources */,
			);
			buildRules = (
			);
			dependencies = (
			);
			name = Persona;
			productName = Persona;
			productReference = 7604176F1E977C39002EC664 /* Persona.app */;
			productType = "com.apple.product-type.application";
		};
/* End PBXNativeTarget section */

/* Begin PBXProject section */
		760417671E977C39002EC664 /* Project object */ = {
			isa = PBXProject;
			attributes = {
				LastSwiftUpdateCheck = 0820;
				LastUpgradeCheck = 0820;
				ORGANIZATIONNAME = "Agung Suprayitno";
				TargetAttributes = {
					7604176E1E977C39002EC664 = {
						CreatedOnToolsVersion = 8.2.1;
						ProvisioningStyle = Automatic;
					};
				};
			};
			buildConfigurationList = 7604176A1E977C39002EC664 /* Build configuration list for PBXProject "Persona" */;
			compatibilityVersion = "Xcode 3.2";
			developmentRegion = English;
			hasScannedForEncodings = 0;
			knownRegions = (
				en,
				Base,
			);
			mainGroup = 760417661E977C39002EC664;
			productRefGroup = 760417701E977C39002EC664 /* Products */;
			projectDirPath = "";
			projectRoot = "";
			targets = (
				7604176E1E977C39002EC664 /* Persona */,
			);
		};
/* End PBXProject section */

/* Begin PBXResourcesBuildPhase section */
		7604176D1E977C39002EC664 /* Resources */ = {
			isa = PBXResourcesBuildPhase;
			buildActionMask = 2147483647;
			files = (
				7604177D1E977C39002EC664 /* LaunchScreen.storyboard in Resources */,
				760417851E977D24002EC664 /* GoogleService-Info.plist in Resources */,
				7604177A1E977C39002EC664 /* Assets.xcassets in Resources */,
				760417781E977C39002EC664 /* Main.storyboard in Resources */,
			);
			runOnlyForDeploymentPostprocessing = 0;
		};
/* End PBXResourcesBuildPhase section */

/* Begin PBXShellScriptBuildPhase section */
		66A6EE35848FB96827740945 /* [CP] Check Pods Manifest.lock */ = {
			isa = PBXShellScriptBuildPhase;
			buildActionMask = 2147483647;
			files = (
			);
			inputPaths = (
			);
			name = "[CP] Check Pods Manifest.lock";
			outputPaths = (
			);
			runOnlyForDeploymentPostprocessing = 0;
			shellPath = /bin/sh;
			shellScript = "diff \"${PODS_ROOT}/../Podfile.lock\" \"${PODS_ROOT}/Manifest.lock\" > /dev/null\nif [ $? != 0 ] ; then\n    # print error to STDERR\n    echo \"error: The sandbox is not in sync with the Podfile.lock. Run 'pod install' or update your CocoaPods installation.\" >&2\n    exit 1\nfi\n";
			showEnvVarsInLog = 0;
		};
		AE7B393A6E41B5A1C816D241 /* [CP] Copy Pods Resources */ = {
			isa = PBXShellScriptBuildPhase;
			buildActionMask = 2147483647;
			files = (
			);
			inputPaths = (
			);
			name = "[CP] Copy Pods Resources";
			outputPaths = (
			);
			runOnlyForDeploymentPostprocessing = 0;
			shellPath = /bin/sh;
			shellScript = "\"${SRCROOT}/Pods/Target Support Files/Pods-Persona/Pods-Persona-resources.sh\"\n";
			showEnvVarsInLog = 0;
		};
		E5C830A6CE8FBAF024136A85 /* [CP] Embed Pods Frameworks */ = {
			isa = PBXShellScriptBuildPhase;
			buildActionMask = 2147483647;
			files = (
			);
			inputPaths = (
			);
			name = "[CP] Embed Pods Frameworks";
			outputPaths = (
			);
			runOnlyForDeploymentPostprocessing = 0;
			shellPath = /bin/sh;
			shellScript = "\"${SRCROOT}/Pods/Target Support Files/Pods-Persona/Pods-Persona-frameworks.sh\"\n";
			showEnvVarsInLog = 0;
		};
/* End PBXShellScriptBuildPhase section */

/* Begin PBXSourcesBuildPhase section */
		7604176B1E977C39002EC664 /* Sources */ = {
			isa = PBXSourcesBuildPhase;
			buildActionMask = 2147483647;
			files = (
				7629CE1A1EA3B9C4002388A3 /* HomeController.swift in Sources */,
				76544E621EEECFB9001692A9 /* FriendsEntity.swift in Sources */,
				76F4CEAA1EE51597004F5856 /* FriendsController.swift in Sources */,
				76FE8D181E9E1BE5004F3BD7 /* PlayGround.swift in Sources */,
				760417751E977C39002EC664 /* LoginController.swift in Sources */,
				760417731E977C39002EC664 /* AppDelegate.swift in Sources */,
				76544E651EEED0D4001692A9 /* FriendView.swift in Sources */,
				76544E5F1EEECE90001692A9 /* FriendsControllerHelper.swift in Sources */,
			);
			runOnlyForDeploymentPostprocessing = 0;
		};
/* End PBXSourcesBuildPhase section */

/* Begin PBXVariantGroup section */
		760417761E977C39002EC664 /* Main.storyboard */ = {
			isa = PBXVariantGroup;
			children = (
				760417771E977C39002EC664 /* Base */,
			);
			name = Main.storyboard;
			sourceTree = "<group>";
		};
		7604177B1E977C39002EC664 /* LaunchScreen.storyboard */ = {
			isa = PBXVariantGroup;
			children = (
				7604177C1E977C39002EC664 /* Base */,
			);
			name = LaunchScreen.storyboard;
			sourceTree = "<group>";
		};
/* End PBXVariantGroup section */

/* Begin XCBuildConfiguration section */
		7604177F1E977C39002EC664 /* Debug */ = {
			isa = XCBuildConfiguration;
			buildSettings = {
				ALWAYS_SEARCH_USER_PATHS = NO;
				CLANG_ANALYZER_NONNULL = YES;
				CLANG_CXX_LANGUAGE_STANDARD = "gnu++0x";
				CLANG_CXX_LIBRARY = "libc++";
				CLANG_ENABLE_MODULES = YES;
				CLANG_ENABLE_OBJC_ARC = YES;
				CLANG_WARN_BOOL_CONVERSION = YES;
				CLANG_WARN_CONSTANT_CONVERSION = YES;
				CLANG_WARN_DIRECT_OBJC_ISA_USAGE = YES_ERROR;
				CLANG_WARN_DOCUMENTATION_COMMENTS = YES;
				CLANG_WARN_EMPTY_BODY = YES;
				CLANG_WARN_ENUM_CONVERSION = YES;
				CLANG_WARN_INFINITE_RECURSION = YES;
				CLANG_WARN_INT_CONVERSION = YES;
				CLANG_WARN_OBJC_ROOT_CLASS = YES_ERROR;
				CLANG_WARN_SUSPICIOUS_MOVE = YES;
				CLANG_WARN_UNREACHABLE_CODE = YES;
				CLANG_WARN__DUPLICATE_METHOD_MATCH = YES;
				"CODE_SIGN_IDENTITY[sdk=iphoneos*]" = "iPhone Developer";
				COPY_PHASE_STRIP = NO;
				DEBUG_INFORMATION_FORMAT = dwarf;
				ENABLE_STRICT_OBJC_MSGSEND = YES;
				ENABLE_TESTABILITY = YES;
				GCC_C_LANGUAGE_STANDARD = gnu99;
				GCC_DYNAMIC_NO_PIC = NO;
				GCC_NO_COMMON_BLOCKS = YES;
				GCC_OPTIMIZATION_LEVEL = 0;
				GCC_PREPROCESSOR_DEFINITIONS = (
					"DEBUG=1",
					"$(inherited)",
				);
				GCC_WARN_64_TO_32_BIT_CONVERSION = YES;
				GCC_WARN_ABOUT_RETURN_TYPE = YES_ERROR;
				GCC_WARN_UNDECLARED_SELECTOR = YES;
				GCC_WARN_UNINITIALIZED_AUTOS = YES_AGGRESSIVE;
				GCC_WARN_UNUSED_FUNCTION = YES;
				GCC_WARN_UNUSED_VARIABLE = YES;
				IPHONEOS_DEPLOYMENT_TARGET = 10.2;
				MTL_ENABLE_DEBUG_INFO = YES;
				ONLY_ACTIVE_ARCH = YES;
				SDKROOT = iphoneos;
				SWIFT_ACTIVE_COMPILATION_CONDITIONS = DEBUG;
				SWIFT_OPTIMIZATION_LEVEL = "-Onone";
				TARGETED_DEVICE_FAMILY = "1,2";
			};
			name = Debug;
		};
		760417801E977C39002EC664 /* Release */ = {
			isa = XCBuildConfiguration;
			buildSettings = {
				ALWAYS_SEARCH_USER_PATHS = NO;
				CLANG_ANALYZER_NONNULL = YES;
				CLANG_CXX_LANGUAGE_STANDARD = "gnu++0x";
				CLANG_CXX_LIBRARY = "libc++";
				CLANG_ENABLE_MODULES = YES;
				CLANG_ENABLE_OBJC_ARC = YES;
				CLANG_WARN_BOOL_CONVERSION = YES;
				CLANG_WARN_CONSTANT_CONVERSION = YES;
				CLANG_WARN_DIRECT_OBJC_ISA_USAGE = YES_ERROR;
				CLANG_WARN_DOCUMENTATION_COMMENTS = YES;
				CLANG_WARN_EMPTY_BODY = YES;
				CLANG_WARN_ENUM_CONVERSION = YES;
				CLANG_WARN_INFINITE_RECURSION = YES;
				CLANG_WARN_INT_CONVERSION = YES;
				CLANG_WARN_OBJC_ROOT_CLASS = YES_ERROR;
				CLANG_WARN_SUSPICIOUS_MOVE = YES;
				CLANG_WARN_UNREACHABLE_CODE = YES;
				CLANG_WARN__DUPLICATE_METHOD_MATCH = YES;
				"CODE_SIGN_IDENTITY[sdk=iphoneos*]" = "iPhone Developer";
				COPY_PHASE_STRIP = NO;
				DEBUG_INFORMATION_FORMAT = "dwarf-with-dsym";
				ENABLE_NS_ASSERTIONS = NO;
				ENABLE_STRICT_OBJC_MSGSEND = YES;
				GCC_C_LANGUAGE_STANDARD = gnu99;
				GCC_NO_COMMON_BLOCKS = YES;
				GCC_WARN_64_TO_32_BIT_CONVERSION = YES;
				GCC_WARN_ABOUT_RETURN_TYPE = YES_ERROR;
				GCC_WARN_UNDECLARED_SELECTOR = YES;
				GCC_WARN_UNINITIALIZED_AUTOS = YES_AGGRESSIVE;
				GCC_WARN_UNUSED_FUNCTION = YES;
				GCC_WARN_UNUSED_VARIABLE = YES;
				IPHONEOS_DEPLOYMENT_TARGET = 10.2;
				MTL_ENABLE_DEBUG_INFO = NO;
				SDKROOT = iphoneos;
				SWIFT_OPTIMIZATION_LEVEL = "-Owholemodule";
				TARGETED_DEVICE_FAMILY = "1,2";
				VALIDATE_PRODUCT = YES;
			};
			name = Release;
		};
		760417821E977C39002EC664 /* Debug */ = {
			isa = XCBuildConfiguration;
			baseConfigurationReference = F0182132AE205F96B86CDAE3 /* Pods-Persona.debug.xcconfig */;
			buildSettings = {
				ASSETCATALOG_COMPILER_APPICON_NAME = AppIcon;
				INFOPLIST_FILE = Persona/Info.plist;
				LD_RUNPATH_SEARCH_PATHS = "$(inherited) @executable_path/Frameworks";
				PRODUCT_BUNDLE_IDENTIFIER = agung.Persona;
				PRODUCT_NAME = "$(TARGET_NAME)";
				SWIFT_VERSION = 3.0;
			};
			name = Debug;
		};
		760417831E977C39002EC664 /* Release */ = {
			isa = XCBuildConfiguration;
			baseConfigurationReference = 61FC3F7D3ABBCE3FC1E1D6CD /* Pods-Persona.release.xcconfig */;
			buildSettings = {
				ASSETCATALOG_COMPILER_APPICON_NAME = AppIcon;
				INFOPLIST_FILE = Persona/Info.plist;
				LD_RUNPATH_SEARCH_PATHS = "$(inherited) @executable_path/Frameworks";
				PRODUCT_BUNDLE_IDENTIFIER = agung.Persona;
				PRODUCT_NAME = "$(TARGET_NAME)";
				SWIFT_VERSION = 3.0;
			};
			name = Release;
		};
/* End XCBuildConfiguration section */

/* Begin XCConfigurationList section */
		7604176A1E977C39002EC664 /* Build configuration list for PBXProject "Persona" */ = {
			isa = XCConfigurationList;
			buildConfigurations = (
				7604177F1E977C39002EC664 /* Debug */,
				760417801E977C39002EC664 /* Release */,
			);
			defaultConfigurationIsVisible = 0;
			defaultConfigurationName = Release;
		};
		760417811E977C39002EC664 /* Build configuration list for PBXNativeTarget "Persona" */ = {
			isa = XCConfigurationList;
			buildConfigurations = (
				760417821E977C39002EC664 /* Debug */,
				760417831E977C39002EC664 /* Release */,
			);
			defaultConfigurationIsVisible = 0;
			defaultConfigurationName = Release;
		};
/* End XCConfigurationList section */
	};
	rootObject = 760417671E977C39002EC664 /* Project object */;
}
